
Microsoft Visual Studio Solution File, Format Version 12.00
# Visual Studio Version 16
VisualStudioVersion = 16.0.30114.105
MinimumVisualStudioVersion = 10.0.40219.1
Project("{9A19103F-16F7-4668-BE54-9A1E7A4F7556}") = "AsyncDisposableMemoryStreamCollection", "AsyncDisposableMemoryStreamCollection\AsyncDisposableMemoryStreamCollection.csproj", "{73131665-18C5-4255-8FF6-8A21BFE1B9E4}"
EndProject
Project("{9A19103F-16F7-4668-BE54-9A1E7A4F7556}") = "AsyncDisposableMemoryStreamCollectionTests", "AsyncDisposableMemoryStreamCollectionTests\AsyncDisposableMemoryStreamCollectionTests.csproj", "{74736C14-48BB-4FE2-A7B1-31E17C7C923D}"
EndProject
Global
	GlobalSection(SolutionConfigurationPlatforms) = preSolution
		Debug|Any CPU = Debug|Any CPU
		Release|Any CPU = Release|Any CPU
	EndGlobalSection
	GlobalSection(ProjectConfigurationPlatforms) = postSolution
		{73131665-18C5-4255-8FF6-8A21BFE1B9E4}.Debug|Any CPU.ActiveCfg = Debug|Any CPU
		{73131665-18C5-4255-8FF6-8A21BFE1B9E4}.Debug|Any CPU.Build.0 = Debug|Any CPU
		{73131665-18C5-4255-8FF6-8A21BFE1B9E4}.Release|Any CPU.ActiveCfg = Release|Any CPU
		{73131665-18C5-4255-8FF6-8A21BFE1B9E4}.Release|Any CPU.Build.0 = Release|Any CPU
		{74736C14-48BB-4FE2-A7B1-31E17C7C923D}.Debug|Any CPU.ActiveCfg = Debug|Any CPU
		{74736C14-48BB-4FE2-A7B1-31E17C7C923D}.Debug|Any CPU.Build.0 = Debug|Any CPU
		{74736C14-48BB-4FE2-A7B1-31E17C7C923D}.Release|Any CPU.ActiveCfg = Release|Any CPU
		{74736C14-48BB-4FE2-A7B1-31E17C7C923D}.Release|Any CPU.Build.0 = Release|Any CPU
	EndGlobalSection
	GlobalSection(SolutionProperties) = preSolution
		HideSolutionNode = FALSE
	EndGlobalSection
	GlobalSection(ExtensibilityGlobals) = postSolution
		SolutionGuid = {6C7CF7BF-8461-49D6-ADD1-DFC23451384D}
	EndGlobalSection
EndGlobal
